
Microsoft Visual Studio Solution File, Format Version 12.00
# Visual Studio Version 16
VisualStudioVersion = 16.0.35130.168
MinimumVisualStudioVersion = 10.0.40219.1
Project("{8BC9CEB8-8B4A-11D0-8D11-00A0C91BC942}") = "crypto_data_downloader", "crypto_data_downloader.vcxproj", "{6673C4DA-E4FD-427E-9991-3B309D4C0DCA}"
EndProject
Global
	GlobalSection(SolutionConfigurationPlatforms) = preSolution
		Debug|x64 = Debug|x64
		Release|x64 = Release|x64
	EndGlobalSection
	GlobalSection(ProjectConfigurationPlatforms) = postSolution
		{6673C4DA-E4FD-427E-9991-3B309D4C0DCA}.Debug|x64.ActiveCfg = Debug|x64
		{6673C4DA-E4FD-427E-9991-3B309D4C0DCA}.Debug|x64.Build.0 = Debug|x64
		{6673C4DA-E4FD-427E-9991-3B309D4C0DCA}.Release|x64.ActiveCfg = Release|x64
		{6673C4DA-E4FD-427E-9991-3B309D4C0DCA}.Release|x64.Build.0 = Release|x64
	EndGlobalSection
	GlobalSection(SolutionProperties) = preSolution
		HideSolutionNode = FALSE
	EndGlobalSection
	GlobalSection(ExtensibilityGlobals) = postSolution
		SolutionGuid = {06D6248F-AB1B-45BC-B249-A45E99B95EC0}
	EndGlobalSection
EndGlobal
