<?xml version="1.0" encoding="utf-8"?>
<Project ToolsVersion="4.0" xmlns="http://schemas.microsoft.com/developer/msbuild/2003">
  <ItemGroup>
    <Filter Include="Source Files">
      <UniqueIdentifier>{4FC737F1-C7A5-4376-A066-2A32D752A2FF}</UniqueIdentifier>
      <Extensions>cpp;c;cc;cxx;c++;cppm;ixx;def;odl;idl;hpj;bat;asm;asmx</Extensions>
    </Filter>
    <Filter Include="Header Files">
      <UniqueIdentifier>{93995380-89BD-4b04-88EB-625FBE52EBFB}</UniqueIdentifier>
      <Extensions>h;hh;hpp;hxx;h++;hm;inl;inc;ipp;xsd</Extensions>
    </Filter>
    <Filter Include="Resource Files">
      <UniqueIdentifier>{67DA6AB6-F800-4c08-8B7A-83BB121AAD01}</UniqueIdentifier>
      <Extensions>rc;ico;cur;bmp;dlg;rc2;rct;bin;rgs;gif;jpg;jpeg;jpe;resx;tiff;tif;png;wav;mfcribbon-ms</Extensions>
    </Filter>
    <Filter Include="binance_api">
      <UniqueIdentifier>{b3950f24-c13c-423b-a44e-30489848d7d8}</UniqueIdentifier>
    </Filter>
    <Filter Include="common">
      <UniqueIdentifier>{1d46cf0f-295d-44d1-9ff7-38b45e8ba4f4}</UniqueIdentifier>
    </Filter>
    <Filter Include="bybit_api">
      <UniqueIdentifier>{3b7a765f-f001-4a40-94f2-85e86517ad85}</UniqueIdentifier>
    </Filter>
    <Filter Include="okx_api">
      <UniqueIdentifier>{259ac01a-2108-4cf7-af85-f7159eee4234}</UniqueIdentifier>
    </Filter>
    <Filter Include="mexc_api">
      <UniqueIdentifier>{c6b58430-93ac-4d57-bd12-e651f559e980}</UniqueIdentifier>
    </Filter>
  </ItemGroup>
  <ItemGroup>
    <ClInclude Include="framework.h">
      <Filter>Header Files</Filter>
    </ClInclude>
    <ClInclude Include="pch.h">
      <Filter>Header Files</Filter>
    </ClInclude>
  </ItemGroup>
  <ItemGroup>
    <ClCompile Include="..\binance_cpp_api\src\binance.cpp">
      <Filter>binance_api</Filter>
    </ClCompile>
    <ClCompile Include="..\binance_cpp_api\src\binance_event_models.cpp">
      <Filter>binance_api</Filter>
    </ClCompile>
    <ClCompile Include="..\binance_cpp_api\src\binance_futures_rest_client.cpp">
      <Filter>binance_api</Filter>
    </ClCompile>
    <ClCompile Include="..\binance_cpp_api\src\binance_futures_ws_client.cpp">
      <Filter>binance_api</Filter>
    </ClCompile>
    <ClCompile Include="..\binance_cpp_api\src\binance_futures_ws_session.cpp">
      <Filter>binance_api</Filter>
    </ClCompile>
    <ClCompile Include="..\binance_cpp_api\src\binance_http_session.cpp">
      <Filter>binance_api</Filter>
    </ClCompile>
    <ClCompile Include="..\binance_cpp_api\src\binance_models.cpp">
      <Filter>binance_api</Filter>
    </ClCompile>
    <ClCompile Include="..\binance_cpp_api\src\binance_spot_rest_client.cpp">
      <Filter>binance_api</Filter>
    </ClCompile>
    <ClCompile Include="..\binance_cpp_api\src\binance_ws_stream_manager.cpp">
      <Filter>binance_api</Filter>
    </ClCompile>
    <ClCompile Include="..\bybit_cpp_api\src\bybit.cpp">
      <Filter>bybit_api</Filter>
    </ClCompile>
    <ClCompile Include="..\bybit_cpp_api\src\bybit_event_models.cpp">
      <Filter>bybit_api</Filter>
    </ClCompile>
    <ClCompile Include="..\bybit_cpp_api\src\bybit_http_session.cpp">
      <Filter>bybit_api</Filter>
    </ClCompile>
    <ClCompile Include="..\bybit_cpp_api\src\bybit_models.cpp">
      <Filter>bybit_api</Filter>
    </ClCompile>
    <ClCompile Include="..\bybit_cpp_api\src\bybit_rest_client.cpp">
      <Filter>bybit_api</Filter>
    </ClCompile>
    <ClCompile Include="..\bybit_cpp_api\src\bybit_ws_client.cpp">
      <Filter>bybit_api</Filter>
    </ClCompile>
    <ClCompile Include="..\bybit_cpp_api\src\bybit_ws_session.cpp">
      <Filter>bybit_api</Filter>
    </ClCompile>
    <ClCompile Include="..\bybit_cpp_api\src\bybit_ws_stream_manager.cpp">
      <Filter>bybit_api</Filter>
    </ClCompile>
    <ClCompile Include="..\vk_cpp_common\src\base64.cpp">
      <Filter>common</Filter>
    </ClCompile>
    <ClCompile Include="..\vk_cpp_common\src\id_generator.cpp">
      <Filter>common</Filter>
    </ClCompile>
    <ClCompile Include="..\vk_cpp_common\src\registry.cpp">
      <Filter>common</Filter>
    </ClCompile>
    <ClCompile Include="..\vk_cpp_common\src\utils.cpp">
      <Filter>common</Filter>
    </ClCompile>
    <ClCompile Include="..\okx_cpp_api\src\okx.cpp">
      <Filter>okx_api</Filter>
    </ClCompile>
    <ClCompile Include="..\okx_cpp_api\src\okx_event_models.cpp">
      <Filter>okx_api</Filter>
    </ClCompile>
    <ClCompile Include="..\okx_cpp_api\src\okx_http_session.cpp">
      <Filter>okx_api</Filter>
    </ClCompile>
    <ClCompile Include="..\okx_cpp_api\src\okx_models.cpp">
      <Filter>okx_api</Filter>
    </ClCompile>
    <ClCompile Include="..\okx_cpp_api\src\okx_ws_stream_manager.cpp">
      <Filter>okx_api</Filter>
    </ClCompile>
    <ClCompile Include="..\src\binance_common.cpp">
      <Filter>Source Files</Filter>
    </ClCompile>
    <ClCompile Include="..\src\binance_futures_downloader.cpp">
      <Filter>Source Files</Filter>
    </ClCompile>
    <ClCompile Include="..\src\binance_spot_downloader.cpp">
      <Filter>Source Files</Filter>
    </ClCompile>
    <ClCompile Include="..\src\bybit_downloader.cpp">
      <Filter>Source Files</Filter>
    </ClCompile>
    <ClCompile Include="..\src\okx_downloader.cpp">
      <Filter>Source Files</Filter>
    </ClCompile>
    <ClCompile Include="..\main.cpp">
      <Filter>Source Files</Filter>
    </ClCompile>
    <ClCompile Include="..\okx_cpp_api\src\okx_rest_client.cpp">
      <Filter>okx_api</Filter>
    </ClCompile>
    <ClCompile Include="..\okx_cpp_api\src\okx_ws_client.cpp">
      <Filter>okx_api</Filter>
    </ClCompile>
    <ClCompile Include="..\okx_cpp_api\src\okx_ws_session.cpp">
      <Filter>okx_api</Filter>
    </ClCompile>
    <ClCompile Include="..\mexc_cpp_api\src\mexc.cpp">
      <Filter>mexc_api</Filter>
    </ClCompile>
    <ClCompile Include="..\mexc_cpp_api\src\mexc_event_models.cpp">
      <Filter>mexc_api</Filter>
    </ClCompile>
    <ClCompile Include="..\mexc_cpp_api\src\mexc_futures_exchange_connector.cpp">
      <Filter>mexc_api</Filter>
    </ClCompile>
    <ClCompile Include="..\mexc_cpp_api\src\mexc_futures_rest_client.cpp">
      <Filter>mexc_api</Filter>
    </ClCompile>
    <ClCompile Include="..\mexc_cpp_api\src\mexc_futures_ws_client.cpp">
      <Filter>mexc_api</Filter>
    </ClCompile>
    <ClCompile Include="..\mexc_cpp_api\src\mexc_futures_ws_session.cpp">
      <Filter>mexc_api</Filter>
    </ClCompile>
    <ClCompile Include="..\mexc_cpp_api\src\mexc_http_futures_session.cpp">
      <Filter>mexc_api</Filter>
    </ClCompile>
    <ClCompile Include="..\mexc_cpp_api\src\mexc_http_spot_session.cpp">
      <Filter>mexc_api</Filter>
    </ClCompile>
    <ClCompile Include="..\mexc_cpp_api\src\mexc_models.cpp">
      <Filter>mexc_api</Filter>
    </ClCompile>
    <ClCompile Include="..\mexc_cpp_api\src\mexc_spot_rest_client.cpp">
      <Filter>mexc_api</Filter>
    </ClCompile>
    <ClCompile Include="..\mexc_cpp_api\src\mexc_ws_stream_manager.cpp">
      <Filter>mexc_api</Filter>
    </ClCompile>
    <ClCompile Include="..\src\mexc_futures_downloader.cpp">
      <Filter>Source Files</Filter>
    </ClCompile>
    <ClCompile Include="..\src\mexc_spot_downloader.cpp">
      <Filter>Source Files</Filter>
    </ClCompile>
    <ClCompile Include="..\okx_cpp_api\src\okx_market_data_utils.cpp">
      <Filter>okx_api</Filter>
    </ClCompile>
  </ItemGroup>
</Project>